<?xml version="1.0" encoding="utf-8"?>
<Project ToolsVersion="4.0" xmlns="http://schemas.microsoft.com/developer/msbuild/2003">
  <ItemGroup>
    <Filter Include="源文件">
      <UniqueIdentifier>{4FC737F1-C7A5-4376-A066-2A32D752A2FF}</UniqueIdentifier>
      <Extensions>cpp;c;cc;cxx;c++;cppm;ixx;def;odl;idl;hpj;bat;asm;asmx</Extensions>
    </Filter>
    <Filter Include="头文件">
      <UniqueIdentifier>{93995380-89BD-4b04-88EB-625FBE52EBFB}</UniqueIdentifier>
      <Extensions>h;hh;hpp;hxx;h++;hm;inl;inc;ipp;xsd</Extensions>
    </Filter>
    <Filter Include="资源文件">
      <UniqueIdentifier>{67DA6AB6-F800-4c08-8B7A-83BB121AAD01}</UniqueIdentifier>
      <Extensions>rc;ico;cur;bmp;dlg;rc2;rct;bin;rgs;gif;jpg;jpeg;jpe;resx;tiff;tif;png;wav;mfcribbon-ms</Extensions>
    </Filter>
    <Filter Include="Shader">
      <UniqueIdentifier>{9374f3f4-c592-44bc-b8c9-c219e466b3e3}</UniqueIdentifier>
    </Filter>
    <Filter Include="头文件\Bindable">
      <UniqueIdentifier>{11a483a9-c02b-4dbb-baf7-7b03b45bab6c}</UniqueIdentifier>
    </Filter>
    <Filter Include="头文件\Drawable">
      <UniqueIdentifier>{6bd67c0b-fe3b-4044-be5b-b6b156942ca8}</UniqueIdentifier>
    </Filter>
    <Filter Include="头文件\Macros">
      <UniqueIdentifier>{4b097cdd-c127-4aac-bb74-af0dcc190f9a}</UniqueIdentifier>
    </Filter>
    <Filter Include="源文件\Bindable">
      <UniqueIdentifier>{522d4c03-86bb-4d9c-975f-82bd469d3ce6}</UniqueIdentifier>
    </Filter>
    <Filter Include="源文件\Drawable">
      <UniqueIdentifier>{4b581f6a-5ee0-405c-8224-f4570b56ff61}</UniqueIdentifier>
    </Filter>
    <Filter Include="源文件\Macros">
      <UniqueIdentifier>{ff4e19de-d1b0-4fb5-a4e4-22d7b6c6f921}</UniqueIdentifier>
    </Filter>
    <Filter Include="头文件\Geometry">
      <UniqueIdentifier>{83bafcf6-4d54-4bd2-96d4-a4f667abc485}</UniqueIdentifier>
    </Filter>
  </ItemGroup>
  <ItemGroup>
    <ClCompile Include="WinMain.cpp">
      <Filter>源文件</Filter>
    </ClCompile>
    <ClCompile Include="WindowsMessageMap.cpp">
      <Filter>源文件</Filter>
    </ClCompile>
    <ClCompile Include="ChiliWin.cpp">
      <Filter>源文件</Filter>
    </ClCompile>
    <ClCompile Include="Window.cpp">
      <Filter>源文件</Filter>
    </ClCompile>
    <ClCompile Include="ChiliException.cpp">
      <Filter>源文件</Filter>
    </ClCompile>
    <ClCompile Include="Keyboard.cpp">
      <Filter>源文件</Filter>
    </ClCompile>
    <ClCompile Include="Mouse.cpp">
      <Filter>源文件</Filter>
    </ClCompile>
    <ClCompile Include="App.cpp">
      <Filter>源文件</Filter>
    </ClCompile>
    <ClCompile Include="ChiliTimer.cpp">
      <Filter>源文件</Filter>
    </ClCompile>
    <ClCompile Include="Graphics.cpp">
      <Filter>源文件</Filter>
    </ClCompile>
    <ClCompile Include="dxerr.cpp">
      <Filter>源文件</Filter>
    </ClCompile>
    <ClCompile Include="DxgiInfoManager.cpp">
      <Filter>源文件</Filter>
    </ClCompile>
    <ClCompile Include="Bindable.cpp">
      <Filter>源文件\Bindable</Filter>
    </ClCompile>
    <ClCompile Include="ConstantBuffers.cpp">
      <Filter>源文件\Bindable</Filter>
    </ClCompile>
    <ClCompile Include="IndexBuffer.cpp">
      <Filter>源文件\Bindable</Filter>
    </ClCompile>
    <ClCompile Include="InputLayout.cpp">
      <Filter>源文件\Bindable</Filter>
    </ClCompile>
    <ClCompile Include="PixelShader.cpp">
      <Filter>源文件\Bindable</Filter>
    </ClCompile>
    <ClCompile Include="Topology.cpp">
      <Filter>源文件\Bindable</Filter>
    </ClCompile>
    <ClCompile Include="TransformCbuf.cpp">
      <Filter>源文件\Bindable</Filter>
    </ClCompile>
    <ClCompile Include="VertexBuffer.cpp">
      <Filter>源文件\Bindable</Filter>
    </ClCompile>
    <ClCompile Include="VertexShader.cpp">
      <Filter>源文件\Bindable</Filter>
    </ClCompile>
    <ClCompile Include="Drawable.cpp">
      <Filter>源文件\Drawable</Filter>
    </ClCompile>
    <ClCompile Include="Box.cpp">
      <Filter>源文件\Drawable</Filter>
    </ClCompile>
    <ClCompile Include="Melon.cpp">
      <Filter>源文件\Drawable</Filter>
    </ClCompile>
    <ClCompile Include="Pyramid.cpp">
      <Filter>源文件\Drawable</Filter>
    </ClCompile>
  </ItemGroup>
  <ItemGroup>
    <ClInclude Include="WindowsMessageMap.h">
      <Filter>头文件</Filter>
    </ClInclude>
    <ClInclude Include="ChiliWin.h">
      <Filter>头文件</Filter>
    </ClInclude>
    <ClInclude Include="Window.h">
      <Filter>头文件</Filter>
    </ClInclude>
    <ClInclude Include="ChiliException.h">
      <Filter>头文件</Filter>
    </ClInclude>
    <ClInclude Include="resource.h">
      <Filter>头文件</Filter>
    </ClInclude>
    <ClInclude Include="Keyboard.h">
      <Filter>头文件</Filter>
    </ClInclude>
    <ClInclude Include="Mouse.h">
      <Filter>头文件</Filter>
    </ClInclude>
    <ClInclude Include="App.h">
      <Filter>头文件</Filter>
    </ClInclude>
    <ClInclude Include="ChiliTimer.h">
      <Filter>头文件</Filter>
    </ClInclude>
    <ClInclude Include="Graphics.h">
      <Filter>头文件</Filter>
    </ClInclude>
    <ClInclude Include="dxerr.h">
      <Filter>头文件</Filter>
    </ClInclude>
    <ClInclude Include="DxgiInfoManager.h">
      <Filter>头文件</Filter>
    </ClInclude>
    <ClInclude Include="Bindable.h">
      <Filter>头文件\Bindable</Filter>
    </ClInclude>
    <ClInclude Include="ConstantBuffers.h">
      <Filter>头文件\Bindable</Filter>
    </ClInclude>
    <ClInclude Include="IndexBuffer.h">
      <Filter>头文件\Bindable</Filter>
    </ClInclude>
    <ClInclude Include="InputLayout.h">
      <Filter>头文件\Bindable</Filter>
    </ClInclude>
    <ClInclude Include="PixelShader.h">
      <Filter>头文件\Bindable</Filter>
    </ClInclude>
    <ClInclude Include="Topology.h">
      <Filter>头文件\Bindable</Filter>
    </ClInclude>
    <ClInclude Include="TransformCbuf.h">
      <Filter>头文件\Bindable</Filter>
    </ClInclude>
    <ClInclude Include="VertexBuffer.h">
      <Filter>头文件\Bindable</Filter>
    </ClInclude>
    <ClInclude Include="VertexShader.h">
      <Filter>头文件\Bindable</Filter>
    </ClInclude>
    <ClInclude Include="BindableBase.h">
      <Filter>头文件\Bindable</Filter>
    </ClInclude>
    <ClInclude Include="Drawable.h">
      <Filter>头文件\Drawable</Filter>
    </ClInclude>
    <ClInclude Include="GraphicsThrowMacros.h">
      <Filter>头文件\Macros</Filter>
    </ClInclude>
    <ClInclude Include="WindowsThrowMacros.h">
      <Filter>头文件\Macros</Filter>
    </ClInclude>
    <ClInclude Include="DrawableBase.h">
      <Filter>头文件\Drawable</Filter>
    </ClInclude>
    <ClInclude Include="ChiliMath.h">
      <Filter>头文件</Filter>
    </ClInclude>
    <ClInclude Include="Box.h">
      <Filter>头文件\Drawable</Filter>
    </ClInclude>
    <ClInclude Include="Melon.h">
      <Filter>头文件\Drawable</Filter>
    </ClInclude>
    <ClInclude Include="Pyramid.h">
      <Filter>头文件\Drawable</Filter>
    </ClInclude>
    <ClInclude Include="Plane.h">
      <Filter>头文件\Geometry</Filter>
    </ClInclude>
    <ClInclude Include="Cube.h">
      <Filter>头文件\Geometry</Filter>
    </ClInclude>
    <ClInclude Include="Cone.h">
      <Filter>头文件\Geometry</Filter>
    </ClInclude>
    <ClInclude Include="Prism.h">
      <Filter>头文件\Geometry</Filter>
    </ClInclude>
    <ClInclude Include="Sphere.h">
      <Filter>头文件\Geometry</Filter>
    </ClInclude>
    <ClInclude Include="IndexedTriangleList.h">
      <Filter>头文件\Geometry</Filter>
    </ClInclude>
  </ItemGroup>
  <ItemGroup>
    <ResourceCompile Include="hw3d.rc">
      <Filter>资源文件</Filter>
    </ResourceCompile>
  </ItemGroup>
  <ItemGroup>
    <Image Include="chili.ico">
      <Filter>资源文件</Filter>
    </Image>
  </ItemGroup>
  <ItemGroup>
    <None Include="DXGetErrorDescription.inl">
      <Filter>头文件</Filter>
    </None>
    <None Include="DXGetErrorString.inl">
      <Filter>头文件</Filter>
    </None>
    <None Include="DXTrace.inl">
      <Filter>头文件</Filter>
    </None>
  </ItemGroup>
  <ItemGroup>
    <FxCompile Include="ColorIndexPS.hlsl">
      <Filter>Shader</Filter>
    </FxCompile>
    <FxCompile Include="ColorIndexVS.hlsl">
      <Filter>Shader</Filter>
    </FxCompile>
    <FxCompile Include="ColorBlendVS.hlsl">
      <Filter>Shader</Filter>
    </FxCompile>
    <FxCompile Include="ColorBlendPS.hlsl">
      <Filter>Shader</Filter>
    </FxCompile>
  </ItemGroup>
</Project>